
Microsoft Visual Studio Solution File, Format Version 12.00
# Visual Studio Version 17
VisualStudioVersion = 17.9.34728.123
MinimumVisualStudioVersion = 10.0.40219.1
Project("{FAE04EC0-301F-11D3-BF4B-00C04F79EFBC}") = "calculator", "calculator.csproj", "{3B0AB8BF-344E-4786-9043-44BF134C59DB}"
EndProject
Global
	GlobalSection(SolutionConfigurationPlatforms) = preSolution
		Debug|Any CPU = Debug|Any CPU
		Release|Any CPU = Release|Any CPU
	EndGlobalSection
	GlobalSection(ProjectConfigurationPlatforms) = postSolution
		{3B0AB8BF-344E-4786-9043-44BF134C59DB}.Debug|Any CPU.ActiveCfg = Debug|Any CPU
		{3B0AB8BF-344E-4786-9043-44BF134C59DB}.Debug|Any CPU.Build.0 = Debug|Any CPU
		{3B0AB8BF-344E-4786-9043-44BF134C59DB}.Release|Any CPU.ActiveCfg = Release|Any CPU
		{3B0AB8BF-344E-4786-9043-44BF134C59DB}.Release|Any CPU.Build.0 = Release|Any CPU
	EndGlobalSection
	GlobalSection(SolutionProperties) = preSolution
		HideSolutionNode = FALSE
	EndGlobalSection
	GlobalSection(ExtensibilityGlobals) = postSolution
		SolutionGuid = {FA4D83F4-1B01-42BB-86AF-58B5C1B988DE}
	EndGlobalSection
EndGlobal
